
Microsoft Visual Studio Solution File, Format Version 12.00
# Visual Studio Version 17
VisualStudioVersion = 17.8.34511.84
MinimumVisualStudioVersion = 10.0.40219.1
Project("{FAE04EC0-301F-11D3-BF4B-00C04F79EFBC}") = "Project1_AdonetCustomer", "Project1_AdonetCustomer\Project1_AdonetCustomer.csproj", "{D2C9F7E8-488E-45E6-AC93-FA130FBED397}"
EndProject
Project("{FAE04EC0-301F-11D3-BF4B-00C04F79EFBC}") = "Project2_EntityFrameworkDbFirstProduct", "Project2_EntityFrameworkDbFirstProduct\Project2_EntityFrameworkDbFirstProduct.csproj", "{95D1E979-2ADC-4EEB-8E23-5338C448754F}"
EndProject
Project("{FAE04EC0-301F-11D3-BF4B-00C04F79EFBC}") = "Project3_EntityFrameworkStatistics", "Project3_EntityFrameworkStatistics\Project3_EntityFrameworkStatistics.csproj", "{FF2CD3CC-15A1-4EA3-87F1-AE3870ED1B3F}"
EndProject
Project("{FAE04EC0-301F-11D3-BF4B-00C04F79EFBC}") = "Project4_EntityFrameworkCodeFirstMovie", "Project4_EntityFrameworkCodeFirstMovie\Project4_EntityFrameworkCodeFirstMovie.csproj", "{96AF2E45-2BCE-4720-9F2B-AD92F6025D57}"
EndProject
Project("{FAE04EC0-301F-11D3-BF4B-00C04F79EFBC}") = "Project5_DapperNorthwind", "Project5_DapperNorthwind\Project5_DapperNorthwind.csproj", "{17F36DC0-7C0E-4E97-AE31-8710E79688E4}"
EndProject
Project("{FAE04EC0-301F-11D3-BF4B-00C04F79EFBC}") = "Project6_ApiWeather", "Project6_ApiWeather\Project6_ApiWeather.csproj", "{40C6FE5F-8BC8-467E-A760-C8A82AB94095}"
EndProject
Global
	GlobalSection(SolutionConfigurationPlatforms) = preSolution
		Debug|Any CPU = Debug|Any CPU
		Release|Any CPU = Release|Any CPU
	EndGlobalSection
	GlobalSection(ProjectConfigurationPlatforms) = postSolution
		{D2C9F7E8-488E-45E6-AC93-FA130FBED397}.Debug|Any CPU.ActiveCfg = Debug|Any CPU
		{D2C9F7E8-488E-45E6-AC93-FA130FBED397}.Debug|Any CPU.Build.0 = Debug|Any CPU
		{D2C9F7E8-488E-45E6-AC93-FA130FBED397}.Release|Any CPU.ActiveCfg = Release|Any CPU
		{D2C9F7E8-488E-45E6-AC93-FA130FBED397}.Release|Any CPU.Build.0 = Release|Any CPU
		{95D1E979-2ADC-4EEB-8E23-5338C448754F}.Debug|Any CPU.ActiveCfg = Debug|Any CPU
		{95D1E979-2ADC-4EEB-8E23-5338C448754F}.Debug|Any CPU.Build.0 = Debug|Any CPU
		{95D1E979-2ADC-4EEB-8E23-5338C448754F}.Release|Any CPU.ActiveCfg = Release|Any CPU
		{95D1E979-2ADC-4EEB-8E23-5338C448754F}.Release|Any CPU.Build.0 = Release|Any CPU
		{FF2CD3CC-15A1-4EA3-87F1-AE3870ED1B3F}.Debug|Any CPU.ActiveCfg = Debug|Any CPU
		{FF2CD3CC-15A1-4EA3-87F1-AE3870ED1B3F}.Debug|Any CPU.Build.0 = Debug|Any CPU
		{FF2CD3CC-15A1-4EA3-87F1-AE3870ED1B3F}.Release|Any CPU.ActiveCfg = Release|Any CPU
		{FF2CD3CC-15A1-4EA3-87F1-AE3870ED1B3F}.Release|Any CPU.Build.0 = Release|Any CPU
		{96AF2E45-2BCE-4720-9F2B-AD92F6025D57}.Debug|Any CPU.ActiveCfg = Debug|Any CPU
		{96AF2E45-2BCE-4720-9F2B-AD92F6025D57}.Debug|Any CPU.Build.0 = Debug|Any CPU
		{96AF2E45-2BCE-4720-9F2B-AD92F6025D57}.Release|Any CPU.ActiveCfg = Release|Any CPU
		{96AF2E45-2BCE-4720-9F2B-AD92F6025D57}.Release|Any CPU.Build.0 = Release|Any CPU
		{17F36DC0-7C0E-4E97-AE31-8710E79688E4}.Debug|Any CPU.ActiveCfg = Debug|Any CPU
		{17F36DC0-7C0E-4E97-AE31-8710E79688E4}.Debug|Any CPU.Build.0 = Debug|Any CPU
		{17F36DC0-7C0E-4E97-AE31-8710E79688E4}.Release|Any CPU.ActiveCfg = Release|Any CPU
		{17F36DC0-7C0E-4E97-AE31-8710E79688E4}.Release|Any CPU.Build.0 = Release|Any CPU
		{40C6FE5F-8BC8-467E-A760-C8A82AB94095}.Debug|Any CPU.ActiveCfg = Debug|Any CPU
		{40C6FE5F-8BC8-467E-A760-C8A82AB94095}.Debug|Any CPU.Build.0 = Debug|Any CPU
		{40C6FE5F-8BC8-467E-A760-C8A82AB94095}.Release|Any CPU.ActiveCfg = Release|Any CPU
		{40C6FE5F-8BC8-467E-A760-C8A82AB94095}.Release|Any CPU.Build.0 = Release|Any CPU
	EndGlobalSection
	GlobalSection(SolutionProperties) = preSolution
		HideSolutionNode = FALSE
	EndGlobalSection
	GlobalSection(ExtensibilityGlobals) = postSolution
		SolutionGuid = {5287C8AC-9B71-40C3-8638-C1F1FE574D20}
	EndGlobalSection
EndGlobal
